
Microsoft Visual Studio Solution File, Format Version 12.00
# Visual Studio 15
VisualStudioVersion = 15.0.28307.1231
MinimumVisualStudioVersion = 10.0.40219.1
Project("{FAE04EC0-301F-11D3-BF4B-00C04F79EFBC}") = "MFramework_Unity", "MFramework_Unity\MFramework_Unity.csproj", "{9BB76826-8EA6-4C45-A63C-5CB5DAB43ED9}"
EndProject
Project("{FAE04EC0-301F-11D3-BF4B-00C04F79EFBC}") = "MFramework_UnityEditor", "MFramework_UnityEditor\MFramework_UnityEditor.csproj", "{CA136C73-BD4B-4020-B522-34E33C69B809}"
EndProject
Project("{FAE04EC0-301F-11D3-BF4B-00C04F79EFBC}") = "MFramework_Sim_UnityEditor", "MFramework_Sim_UnityEditor\MFramework_Sim_UnityEditor.csproj", "{C58280B5-970E-4AED-9663-E65E6568FD4B}"
EndProject
Global
	GlobalSection(SolutionConfigurationPlatforms) = preSolution
		Debug|Any CPU = Debug|Any CPU
		Release|Any CPU = Release|Any CPU
	EndGlobalSection
	GlobalSection(ProjectConfigurationPlatforms) = postSolution
		{9BB76826-8EA6-4C45-A63C-5CB5DAB43ED9}.Debug|Any CPU.ActiveCfg = Debug|Any CPU
		{9BB76826-8EA6-4C45-A63C-5CB5DAB43ED9}.Debug|Any CPU.Build.0 = Debug|Any CPU
		{9BB76826-8EA6-4C45-A63C-5CB5DAB43ED9}.Release|Any CPU.ActiveCfg = Release|Any CPU
		{9BB76826-8EA6-4C45-A63C-5CB5DAB43ED9}.Release|Any CPU.Build.0 = Release|Any CPU
		{CA136C73-BD4B-4020-B522-34E33C69B809}.Debug|Any CPU.ActiveCfg = Debug|Any CPU
		{CA136C73-BD4B-4020-B522-34E33C69B809}.Debug|Any CPU.Build.0 = Debug|Any CPU
		{CA136C73-BD4B-4020-B522-34E33C69B809}.Release|Any CPU.ActiveCfg = Release|Any CPU
		{CA136C73-BD4B-4020-B522-34E33C69B809}.Release|Any CPU.Build.0 = Release|Any CPU
		{C58280B5-970E-4AED-9663-E65E6568FD4B}.Debug|Any CPU.ActiveCfg = Debug|Any CPU
		{C58280B5-970E-4AED-9663-E65E6568FD4B}.Debug|Any CPU.Build.0 = Debug|Any CPU
		{C58280B5-970E-4AED-9663-E65E6568FD4B}.Release|Any CPU.ActiveCfg = Release|Any CPU
		{C58280B5-970E-4AED-9663-E65E6568FD4B}.Release|Any CPU.Build.0 = Release|Any CPU
	EndGlobalSection
	GlobalSection(SolutionProperties) = preSolution
		HideSolutionNode = FALSE
	EndGlobalSection
	GlobalSection(ExtensibilityGlobals) = postSolution
		SolutionGuid = {11E709A7-CCD4-486D-A64E-8704C9BF260C}
	EndGlobalSection
EndGlobal
